<?xml version="1.0" encoding="utf-8"?>
<Project ToolsVersion="4.0" xmlns="http://schemas.microsoft.com/developer/msbuild/2003">
  <ItemGroup>
    <Filter Include="Source Files">
      <UniqueIdentifier>{4FC737F1-C7A5-4376-A066-2A32D752A2FF}</UniqueIdentifier>
      <Extensions>cpp;c;cc;cxx;def;odl;idl;hpj;bat;asm;asmx</Extensions>
    </Filter>
    <Filter Include="Header Files">
      <UniqueIdentifier>{93995380-89BD-4b04-88EB-625FBE52EBFB}</UniqueIdentifier>
      <Extensions>h;hh;hpp;hxx;hm;inl;inc;xsd</Extensions>
    </Filter>
    <Filter Include="Resource Files">
      <UniqueIdentifier>{67DA6AB6-F800-4c08-8B7A-83BB121AAD01}</UniqueIdentifier>
      <Extensions>rc;ico;cur;bmp;dlg;rc2;rct;bin;rgs;gif;jpg;jpeg;jpe;resx;tiff;tif;png;wav;mfcribbon-ms</Extensions>
    </Filter>
  </ItemGroup>
  <ItemGroup>
    <ClCompile Include="test.cpp">
      <Filter>Source Files</Filter>
    </ClCompile>
    <ClCompile Include="Stikrpghook_2\Features\Aimbot\Autowall.cpp">
      <Filter>Source Files</Filter>
    </ClCompile>
    <ClCompile Include="Stikrpghook_2\Features\Aimbot\EnginePrediction.cpp">
      <Filter>Source Files</Filter>
    </ClCompile>
    <ClCompile Include="Stikrpghook_2\Features\Aimbot\RageBot.cpp">
      <Filter>Source Files</Filter>
    </ClCompile>
    <ClCompile Include="Stikrpghook_2\Features\AntiAim\AntiAim.cpp">
      <Filter>Source Files</Filter>
    </ClCompile>
    <ClCompile Include="Stikrpghook_2\Features\LagComp\LagComp.cpp">
      <Filter>Source Files</Filter>
    </ClCompile>
    <ClCompile Include="Stikrpghook_2\Features\Legit\Legitbot.cpp">
      <Filter>Source Files</Filter>
    </ClCompile>
    <ClCompile Include="Stikrpghook_2\Features\Resolver\Resolver.cpp">
      <Filter>Source Files</Filter>
    </ClCompile>
    <ClCompile Include="Stikrpghook_2\Features\Visuals\ESP.cpp">
      <Filter>Source Files</Filter>
    </ClCompile>
    <ClCompile Include="Stikrpghook_2\ImGui\DX9\imgui_impl_dx9.cpp">
      <Filter>Source Files</Filter>
    </ClCompile>
    <ClCompile Include="Stikrpghook_2\ImGui\imgui.cpp">
      <Filter>Source Files</Filter>
    </ClCompile>
    <ClCompile Include="Stikrpghook_2\ImGui\imgui_draw.cpp">
      <Filter>Source Files</Filter>
    </ClCompile>
    <ClCompile Include="Stikrpghook_2\Menu\Menu.cpp">
      <Filter>Source Files</Filter>
    </ClCompile>
    <ClCompile Include="Stikrpghook_2\Menu\TGFCfg.cpp">
      <Filter>Source Files</Filter>
    </ClCompile>
    <ClCompile Include="Stikrpghook_2\SDK\CEntity.cpp">
      <Filter>Source Files</Filter>
    </ClCompile>
    <ClCompile Include="Stikrpghook_2\SDK\checksum_crc.cpp">
      <Filter>Source Files</Filter>
    </ClCompile>
    <ClCompile Include="Stikrpghook_2\SDK\Checksum_Md5.cpp">
      <Filter>Source Files</Filter>
    </ClCompile>
    <ClCompile Include="Stikrpghook_2\Utils\GlobalVars.cpp">
      <Filter>Source Files</Filter>
    </ClCompile>
    <ClCompile Include="Stikrpghook_2\Utils\Interfaces.cpp">
      <Filter>Source Files</Filter>
    </ClCompile>
    <ClCompile Include="Stikrpghook_2\Utils\Math.cpp">
      <Filter>Source Files</Filter>
    </ClCompile>
    <ClCompile Include="Stikrpghook_2\Utils\NetvarManager.cpp">
      <Filter>Source Files</Filter>
    </ClCompile>
    <ClCompile Include="Stikrpghook_2\DLLMain.cpp">
      <Filter>Source Files</Filter>
    </ClCompile>
    <ClCompile Include="Stikrpghook_2\Hooks.cpp">
      <Filter>Source Files</Filter>
    </ClCompile>
    <ClCompile Include="Stikrpghook_2\Menu\Menu+.cpp">
      <Filter>Source Files</Filter>
    </ClCompile>
    <ClCompile Include="Stikrpghook_2\Features\Chams\Chams+.cpp">
      <Filter>Source Files</Filter>
    </ClCompile>
    <ClCompile Include="Stikrpghook_2\Features\Fovs\Fov+.cpp">
      <Filter>Source Files</Filter>
    </ClCompile>
    <ClCompile Include="Stikrpghook_2\Features\Visuals\Drops+.cpp">
      <Filter>Source Files</Filter>
    </ClCompile>
    <ClCompile Include="Stikrpghook_2\Features\Visuals\Esp+.cpp">
      <Filter>Source Files</Filter>
    </ClCompile>
    <ClCompile Include="Stikrpghook_2\Features\Visuals\Vis+.cpp">
      <Filter>Source Files</Filter>
    </ClCompile>
    <ClCompile Include="Stikrpghook_2\Features\Knife\Knife.cpp">
      <Filter>Source Files</Filter>
    </ClCompile>
    <ClCompile Include="Stikrpghook_2\Features\Knife\skinchanger.cpp">
      <Filter>Source Files</Filter>
    </ClCompile>
    <ClCompile Include="Stikrpghook_2\Features\Glove\Glove.cpp">
      <Filter>Source Files</Filter>
    </ClCompile>
    <ClCompile Include="Stikrpghook_2\Features\Visuals\bulletbeams\bullettracers.cpp">
      <Filter>Source Files</Filter>
    </ClCompile>
    <ClCompile Include="Stikrpghook_2\Features\Visuals\otheresp\otheresp.cpp">
      <Filter>Source Files</Filter>
    </ClCompile>
    <ClCompile Include="Stikrpghook_2\Features\Visuals\grenadetracer\grenadetracer.cpp">
      <Filter>Source Files</Filter>
    </ClCompile>
    <ClCompile Include="Stikrpghook_2\Features\Visuals\grenadeparth\grenadeparth.cpp">
      <Filter>Source Files</Filter>
    </ClCompile>
    <ClCompile Include="Stikrpghook_2\Features\Rankchanger\Protobuffs.cpp">
      <Filter>Source Files</Filter>
    </ClCompile>
    <ClCompile Include="Stikrpghook_2\vfunct\vfuncthook.cpp">
      <Filter>Source Files</Filter>
    </ClCompile>
    <ClCompile Include="Stikrpghook_2\Features\Logs\logs.cpp">
      <Filter>Source Files</Filter>
    </ClCompile>
    <ClCompile Include="Stikrpghook_2\Skeet programm\Controls.cpp">
      <Filter>Source Files</Filter>
    </ClCompile>
    <ClCompile Include="Stikrpghook_2\Skeet programm\GUI.cpp">
      <Filter>Source Files</Filter>
    </ClCompile>
    <ClCompile Include="Stikrpghook_2\Skeet programm\RenderManager.cpp">
      <Filter>Source Files</Filter>
    </ClCompile>
    <ClCompile Include="Stikrpghook_2\Skeet programm\SkeetMenu.cpp">
      <Filter>Source Files</Filter>
    </ClCompile>
    <ClCompile Include="Stikrpghook_2\Skeet programm\tinyxml2.cpp">
      <Filter>Source Files</Filter>
    </ClCompile>
    <ClCompile Include="Stikrpghook_2\Skeet programm\Window.cpp">
      <Filter>Source Files</Filter>
    </ClCompile>
    <ClCompile Include="Stikrpghook_2\Features\D9Visuals\D9.cpp">
      <Filter>Source Files</Filter>
    </ClCompile>
    <ClCompile Include="Stikrpghook_2\Features\Misc\Misc+.cpp">
      <Filter>Source Files</Filter>
    </ClCompile>
  </ItemGroup>
  <ItemGroup>
    <ClInclude Include="Antario\Menu.h">
      <Filter>Header Files</Filter>
    </ClInclude>
    <ClInclude Include="test.h">
      <Filter>Header Files</Filter>
    </ClInclude>
    <ClInclude Include="Stikrpghook_2\Features\Aimbot\Autowall.h">
      <Filter>Header Files</Filter>
    </ClInclude>
    <ClInclude Include="Stikrpghook_2\Features\Aimbot\EnginePrediction.h">
      <Filter>Header Files</Filter>
    </ClInclude>
    <ClInclude Include="Stikrpghook_2\Features\Aimbot\RageBot.h">
      <Filter>Header Files</Filter>
    </ClInclude>
    <ClInclude Include="Stikrpghook_2\Features\AntiAim\AntiAim.h">
      <Filter>Header Files</Filter>
    </ClInclude>
    <ClInclude Include="Stikrpghook_2\Features\LagComp\LagComp.h">
      <Filter>Header Files</Filter>
    </ClInclude>
    <ClInclude Include="Stikrpghook_2\Features\Legit\Legitbot.h">
      <Filter>Header Files</Filter>
    </ClInclude>
    <ClInclude Include="Stikrpghook_2\Features\Misc\Misc.h">
      <Filter>Header Files</Filter>
    </ClInclude>
    <ClInclude Include="Stikrpghook_2\Features\Resolver\Resolver.h">
      <Filter>Header Files</Filter>
    </ClInclude>
    <ClInclude Include="Stikrpghook_2\Features\Visuals\ESP.h">
      <Filter>Header Files</Filter>
    </ClInclude>
    <ClInclude Include="Stikrpghook_2\Features\Features.h">
      <Filter>Header Files</Filter>
    </ClInclude>
    <ClInclude Include="Stikrpghook_2\ImGui\DX9\imgui_impl_dx9.h">
      <Filter>Header Files</Filter>
    </ClInclude>
    <ClInclude Include="Stikrpghook_2\ImGui\imconfig.h">
      <Filter>Header Files</Filter>
    </ClInclude>
    <ClInclude Include="Stikrpghook_2\ImGui\imgui.h">
      <Filter>Header Files</Filter>
    </ClInclude>
    <ClInclude Include="Stikrpghook_2\ImGui\imgui_internal.h">
      <Filter>Header Files</Filter>
    </ClInclude>
    <ClInclude Include="Stikrpghook_2\ImGui\stb_rect_pack.h">
      <Filter>Header Files</Filter>
    </ClInclude>
    <ClInclude Include="Stikrpghook_2\ImGui\stb_textedit.h">
      <Filter>Header Files</Filter>
    </ClInclude>
    <ClInclude Include="Stikrpghook_2\ImGui\stb_truetype.h">
      <Filter>Header Files</Filter>
    </ClInclude>
    <ClInclude Include="Stikrpghook_2\Menu\Menu.h">
      <Filter>Header Files</Filter>
    </ClInclude>
    <ClInclude Include="Stikrpghook_2\Menu\TGFCfg.h">
      <Filter>Header Files</Filter>
    </ClInclude>
    <ClInclude Include="Stikrpghook_2\SDK\bspflags.h">
      <Filter>Header Files</Filter>
    </ClInclude>
    <ClInclude Include="Stikrpghook_2\SDK\CEntity.h">
      <Filter>Header Files</Filter>
    </ClInclude>
    <ClInclude Include="Stikrpghook_2\SDK\CGlobalVarsBase.h">
      <Filter>Header Files</Filter>
    </ClInclude>
    <ClInclude Include="Stikrpghook_2\SDK\CHandle.h">
      <Filter>Header Files</Filter>
    </ClInclude>
    <ClInclude Include="Stikrpghook_2\SDK\checksum_crc.h">
      <Filter>Header Files</Filter>
    </ClInclude>
    <ClInclude Include="Stikrpghook_2\SDK\Checksum_Md5.h">
      <Filter>Header Files</Filter>
    </ClInclude>
    <ClInclude Include="Stikrpghook_2\SDK\CInput.h">
      <Filter>Header Files</Filter>
    </ClInclude>
    <ClInclude Include="Stikrpghook_2\SDK\ClientClass.h">
      <Filter>Header Files</Filter>
    </ClInclude>
    <ClInclude Include="Stikrpghook_2\SDK\CModelRender.h">
      <Filter>Header Files</Filter>
    </ClInclude>
    <ClInclude Include="Stikrpghook_2\SDK\CPrediction.h">
      <Filter>Header Files</Filter>
    </ClInclude>
    <ClInclude Include="Stikrpghook_2\SDK\Definitions.h">
      <Filter>Header Files</Filter>
    </ClInclude>
    <ClInclude Include="Stikrpghook_2\SDK\Hitboxes.h">
      <Filter>Header Files</Filter>
    </ClInclude>
    <ClInclude Include="Stikrpghook_2\SDK\IBaseClientDll.h">
      <Filter>Header Files</Filter>
    </ClInclude>
    <ClInclude Include="Stikrpghook_2\SDK\IClientEntity.h">
      <Filter>Header Files</Filter>
    </ClInclude>
    <ClInclude Include="Stikrpghook_2\SDK\IClientEntityList.h">
      <Filter>Header Files</Filter>
    </ClInclude>
    <ClInclude Include="Stikrpghook_2\SDK\IClientMode.h">
      <Filter>Header Files</Filter>
    </ClInclude>
    <ClInclude Include="Stikrpghook_2\SDK\IClientNetworkable.h">
      <Filter>Header Files</Filter>
    </ClInclude>
    <ClInclude Include="Stikrpghook_2\SDK\IClientRenderable.h">
      <Filter>Header Files</Filter>
    </ClInclude>
    <ClInclude Include="Stikrpghook_2\SDK\IClientThinkable.h">
      <Filter>Header Files</Filter>
    </ClInclude>
    <ClInclude Include="Stikrpghook_2\SDK\IClientUnknown.h">
      <Filter>Header Files</Filter>
    </ClInclude>
    <ClInclude Include="Stikrpghook_2\SDK\ICvar.h">
      <Filter>Header Files</Filter>
    </ClInclude>
    <ClInclude Include="Stikrpghook_2\SDK\IEngineTrace.h">
      <Filter>Header Files</Filter>
    </ClInclude>
    <ClInclude Include="Stikrpghook_2\SDK\IGameEvent.h">
      <Filter>Header Files</Filter>
    </ClInclude>
    <ClInclude Include="Stikrpghook_2\SDK\IMaterial.h">
      <Filter>Header Files</Filter>
    </ClInclude>
    <ClInclude Include="Stikrpghook_2\SDK\ISurface.h">
      <Filter>Header Files</Filter>
    </ClInclude>
    <ClInclude Include="Stikrpghook_2\SDK\ISurfaceData.h">
      <Filter>Header Files</Filter>
    </ClInclude>
    <ClInclude Include="Stikrpghook_2\SDK\IVEngineClient.h">
      <Filter>Header Files</Filter>
    </ClInclude>
    <ClInclude Include="Stikrpghook_2\SDK\IVModelInfo.h">
      <Filter>Header Files</Filter>
    </ClInclude>
    <ClInclude Include="Stikrpghook_2\SDK\IVRenderView.h">
      <Filter>Header Files</Filter>
    </ClInclude>
    <ClInclude Include="Stikrpghook_2\SDK\KeyValues.h">
      <Filter>Header Files</Filter>
    </ClInclude>
    <ClInclude Include="Stikrpghook_2\SDK\PlayerInfo.h">
      <Filter>Header Files</Filter>
    </ClInclude>
    <ClInclude Include="Stikrpghook_2\SDK\Recv.h">
      <Filter>Header Files</Filter>
    </ClInclude>
    <ClInclude Include="Stikrpghook_2\SDK\Vector.h">
      <Filter>Header Files</Filter>
    </ClInclude>
    <ClInclude Include="Stikrpghook_2\SDK\VMatrix.h">
      <Filter>Header Files</Filter>
    </ClInclude>
    <ClInclude Include="Stikrpghook_2\Utils\Color.h">
      <Filter>Header Files</Filter>
    </ClInclude>
    <ClInclude Include="Stikrpghook_2\Utils\GlobalVars.h">
      <Filter>Header Files</Filter>
    </ClInclude>
    <ClInclude Include="Stikrpghook_2\Utils\Interfaces.h">
      <Filter>Header Files</Filter>
    </ClInclude>
    <ClInclude Include="Stikrpghook_2\Utils\Math.h">
      <Filter>Header Files</Filter>
    </ClInclude>
    <ClInclude Include="Stikrpghook_2\Utils\NetvarManager.h">
      <Filter>Header Files</Filter>
    </ClInclude>
    <ClInclude Include="Stikrpghook_2\Utils\SPoint.h">
      <Filter>Header Files</Filter>
    </ClInclude>
    <ClInclude Include="Stikrpghook_2\Utils\SRect.h">
      <Filter>Header Files</Filter>
    </ClInclude>
    <ClInclude Include="Stikrpghook_2\Utils\Utils.h">
      <Filter>Header Files</Filter>
    </ClInclude>
    <ClInclude Include="Stikrpghook_2\Utils\XorStr.h">
      <Filter>Header Files</Filter>
    </ClInclude>
    <ClInclude Include="Stikrpghook_2\Hooks.h">
      <Filter>Header Files</Filter>
    </ClInclude>
    <ClInclude Include="Stikrpghook_2\Features\Chams\Chams+.h">
      <Filter>Header Files</Filter>
    </ClInclude>
    <ClInclude Include="Stikrpghook_2\Features\Fovs\Fov+.h">
      <Filter>Header Files</Filter>
    </ClInclude>
    <ClInclude Include="Stikrpghook_2\Features\Visuals\Drops+.h">
      <Filter>Header Files</Filter>
    </ClInclude>
    <ClInclude Include="Stikrpghook_2\Features\Visuals\Esp+.h">
      <Filter>Header Files</Filter>
    </ClInclude>
    <ClInclude Include="Stikrpghook_2\Features\Visuals\Vis+.h">
      <Filter>Header Files</Filter>
    </ClInclude>
    <ClInclude Include="Stikrpghook_2\SDK\shit1.h">
      <Filter>Header Files</Filter>
    </ClInclude>
    <ClInclude Include="Stikrpghook_2\SDK\shit2.h">
      <Filter>Header Files</Filter>
    </ClInclude>
    <ClInclude Include="Stikrpghook_2\SDK\shit3.h">
      <Filter>Header Files</Filter>
    </ClInclude>
    <ClInclude Include="Stikrpghook_2\Features\Knife\Knife.h">
      <Filter>Header Files</Filter>
    </ClInclude>
    <ClInclude Include="Stikrpghook_2\Features\Knife\skinchanger.h">
      <Filter>Header Files</Filter>
    </ClInclude>
    <ClInclude Include="Stikrpghook_2\Menu\trashconst.h">
      <Filter>Header Files</Filter>
    </ClInclude>
    <ClInclude Include="Stikrpghook_2\Features\Glove\Glove.h">
      <Filter>Header Files</Filter>
    </ClInclude>
    <ClInclude Include="Stikrpghook_2\Features\Visuals\bulletbeams\BeamInfo.hpp">
      <Filter>Header Files</Filter>
    </ClInclude>
    <ClInclude Include="Stikrpghook_2\Features\Visuals\bulletbeams\bullettracers.h">
      <Filter>Header Files</Filter>
    </ClInclude>
    <ClInclude Include="Stikrpghook_2\SDK\IVRenderBeam.h">
      <Filter>Header Files</Filter>
    </ClInclude>
    <ClInclude Include="Stikrpghook_2\Features\Visuals\otheresp\otheresp.h">
      <Filter>Header Files</Filter>
    </ClInclude>
    <ClInclude Include="Stikrpghook_2\Features\Visuals\grenadetracer\grenadetracer.h">
      <Filter>Header Files</Filter>
    </ClInclude>
    <ClInclude Include="Stikrpghook_2\Features\Visuals\grenadeparth\grenadeparth.h">
      <Filter>Header Files</Filter>
    </ClInclude>
    <ClInclude Include="Stikrpghook_2\Features\Rankchanger\Protobuffs\inventory_changer.h">
      <Filter>Header Files</Filter>
    </ClInclude>
    <ClInclude Include="Stikrpghook_2\Features\Rankchanger\Protobuffs\profile_info_changer.h">
      <Filter>Header Files</Filter>
    </ClInclude>
    <ClInclude Include="Stikrpghook_2\Features\Rankchanger\Protobuffs\ProtobuffMessages.h">
      <Filter>Header Files</Filter>
    </ClInclude>
    <ClInclude Include="Stikrpghook_2\Features\Rankchanger\Protobuffs\ProtoField.h">
      <Filter>Header Files</Filter>
    </ClInclude>
    <ClInclude Include="Stikrpghook_2\Features\Rankchanger\Protobuffs\ProtoWriter.h">
      <Filter>Header Files</Filter>
    </ClInclude>
    <ClInclude Include="Stikrpghook_2\Features\Rankchanger\IMemAlloc.h">
      <Filter>Header Files</Filter>
    </ClInclude>
    <ClInclude Include="Stikrpghook_2\Features\Rankchanger\ProtobuffMessages.h">
      <Filter>Header Files</Filter>
    </ClInclude>
    <ClInclude Include="Stikrpghook_2\Features\Rankchanger\Protobuffs.h">
      <Filter>Header Files</Filter>
    </ClInclude>
    <ClInclude Include="Stikrpghook_2\Features\Rankchanger\steam.h">
      <Filter>Header Files</Filter>
    </ClInclude>
    <ClInclude Include="Stikrpghook_2\Features\Rankchanger\zal.h">
      <Filter>Header Files</Filter>
    </ClInclude>
    <ClInclude Include="Stikrpghook_2\vfunct\vfuncthook.h">
      <Filter>Header Files</Filter>
    </ClInclude>
    <ClInclude Include="Stikrpghook_2\Features\Logs\logs.h">
      <Filter>Header Files</Filter>
    </ClInclude>
    <ClInclude Include="Stikrpghook_2\Skeet programm\Controls.h">
      <Filter>Header Files</Filter>
    </ClInclude>
    <ClInclude Include="Stikrpghook_2\Skeet programm\GUI.h">
      <Filter>Header Files</Filter>
    </ClInclude>
    <ClInclude Include="Stikrpghook_2\Skeet programm\RenderManager.h">
      <Filter>Header Files</Filter>
    </ClInclude>
    <ClInclude Include="Stikrpghook_2\Skeet programm\SkeetMenu.h">
      <Filter>Header Files</Filter>
    </ClInclude>
    <ClInclude Include="Stikrpghook_2\Skeet programm\tinyxml2.h">
      <Filter>Header Files</Filter>
    </ClInclude>
    <ClInclude Include="Stikrpghook_2\Features\D9Visuals\D9.h">
      <Filter>Header Files</Filter>
    </ClInclude>
    <ClInclude Include="Stikrpghook_2\Menu\Menu+.h">
      <Filter>Header Files</Filter>
    </ClInclude>
    <ClInclude Include="Stikrpghook_2\Features\Misc\Misc+.h">
      <Filter>Header Files</Filter>
    </ClInclude>
  </ItemGroup>
</Project>